
Microsoft Visual Studio Solution File, Format Version 12.00
# Visual Studio Version 17
VisualStudioVersion = 17.3.32929.385
MinimumVisualStudioVersion = 10.0.40219.1
Project("{9A19103F-16F7-4668-BE54-9A1E7A4F7556}") = "Tasks.Server", "Tasks\Server\Tasks.Server.csproj", "{DAB0FDCB-1A17-44E1-B762-B4F2DBB31219}"
EndProject
Project("{9A19103F-16F7-4668-BE54-9A1E7A4F7556}") = "Tasks.Client", "Tasks\Client\Tasks.Client.csproj", "{78FDB4E6-DBF4-4BCC-B81A-055E74ABB467}"
EndProject
Project("{9A19103F-16F7-4668-BE54-9A1E7A4F7556}") = "Tasks.Shared", "Tasks\Shared\Tasks.Shared.csproj", "{99C8650B-0C8E-432D-A673-8CA567E9F6CE}"
EndProject
Global
	GlobalSection(SolutionConfigurationPlatforms) = preSolution
		Debug|Any CPU = Debug|Any CPU
		Release|Any CPU = Release|Any CPU
	EndGlobalSection
	GlobalSection(ProjectConfigurationPlatforms) = postSolution
		{DAB0FDCB-1A17-44E1-B762-B4F2DBB31219}.Debug|Any CPU.ActiveCfg = Debug|Any CPU
		{DAB0FDCB-1A17-44E1-B762-B4F2DBB31219}.Debug|Any CPU.Build.0 = Debug|Any CPU
		{DAB0FDCB-1A17-44E1-B762-B4F2DBB31219}.Release|Any CPU.ActiveCfg = Release|Any CPU
		{DAB0FDCB-1A17-44E1-B762-B4F2DBB31219}.Release|Any CPU.Build.0 = Release|Any CPU
		{78FDB4E6-DBF4-4BCC-B81A-055E74ABB467}.Debug|Any CPU.ActiveCfg = Debug|Any CPU
		{78FDB4E6-DBF4-4BCC-B81A-055E74ABB467}.Debug|Any CPU.Build.0 = Debug|Any CPU
		{78FDB4E6-DBF4-4BCC-B81A-055E74ABB467}.Release|Any CPU.ActiveCfg = Release|Any CPU
		{78FDB4E6-DBF4-4BCC-B81A-055E74ABB467}.Release|Any CPU.Build.0 = Release|Any CPU
		{99C8650B-0C8E-432D-A673-8CA567E9F6CE}.Debug|Any CPU.ActiveCfg = Debug|Any CPU
		{99C8650B-0C8E-432D-A673-8CA567E9F6CE}.Debug|Any CPU.Build.0 = Debug|Any CPU
		{99C8650B-0C8E-432D-A673-8CA567E9F6CE}.Release|Any CPU.ActiveCfg = Release|Any CPU
		{99C8650B-0C8E-432D-A673-8CA567E9F6CE}.Release|Any CPU.Build.0 = Release|Any CPU
	EndGlobalSection
	GlobalSection(SolutionProperties) = preSolution
		HideSolutionNode = FALSE
	EndGlobalSection
	GlobalSection(ExtensibilityGlobals) = postSolution
		SolutionGuid = {5659C1CD-46CB-4536-932F-7F93772BFCC5}
	EndGlobalSection
EndGlobal
